
Microsoft Visual Studio Solution File, Format Version 12.00
# Visual Studio Version 16
VisualStudioVersion = 16.0.32228.343
MinimumVisualStudioVersion = 10.0.40219.1
Project("{D2ABAB84-BF74-430A-B69E-9DC6D40DDA17}") = "CubeETL", "CubeETL.dwproj", "{2D6871B3-00D2-403E-9811-C03C1F3CAF11}"
EndProject
Global
	GlobalSection(SolutionConfigurationPlatforms) = preSolution
		Development|Default = Development|Default
	EndGlobalSection
	GlobalSection(ProjectConfigurationPlatforms) = postSolution
		{2D6871B3-00D2-403E-9811-C03C1F3CAF11}.Development|Default.ActiveCfg = Development
		{2D6871B3-00D2-403E-9811-C03C1F3CAF11}.Development|Default.Build.0 = Development
		{2D6871B3-00D2-403E-9811-C03C1F3CAF11}.Development|Default.Deploy.0 = Development
	EndGlobalSection
	GlobalSection(SolutionProperties) = preSolution
		HideSolutionNode = FALSE
	EndGlobalSection
	GlobalSection(ExtensibilityGlobals) = postSolution
		SolutionGuid = {3FD818C0-4612-494B-B9D0-6AEBE2DA5BE9}
	EndGlobalSection
EndGlobal
